
Microsoft Visual Studio Solution File, Format Version 12.00
# Visual Studio Version 16
VisualStudioVersion = 16.0.29920.165
MinimumVisualStudioVersion = 10.0.40219.1
Project("{2150E333-8FDC-42A3-9474-1A3956D46DE8}") = "Api.Application", "Api.Application", "{87EB8700-E844-4195-AA73-3DB0DF03F164}"
EndProject
Project("{2150E333-8FDC-42A3-9474-1A3956D46DE8}") = "Api.CrossCutting", "Api.CrossCutting", "{4332EAAE-1D3E-4679-930E-45E4A4EE78D4}"
EndProject
Project("{2150E333-8FDC-42A3-9474-1A3956D46DE8}") = "Api.Data", "Api.Data", "{82C58C5F-E755-4142-ACC6-58DDED5CC551}"
EndProject
Project("{2150E333-8FDC-42A3-9474-1A3956D46DE8}") = "Api.Domain", "Api.Domain", "{307B9CCC-A6EC-460F-8E6E-3B4E991023A4}"
EndProject
Project("{2150E333-8FDC-42A3-9474-1A3956D46DE8}") = "Api.Service", "Api.Service", "{33435883-7F03-4C9E-9D25-D03D72202A36}"
EndProject
Project("{FAE04EC0-301F-11D3-BF4B-00C04F79EFBC}") = "Data", "Data\Data.csproj", "{9971F2FD-5E45-4F48-9846-99A5A704C68F}"
EndProject
Project("{FAE04EC0-301F-11D3-BF4B-00C04F79EFBC}") = "Domain", "Domain\Domain.csproj", "{4635D5EF-FA40-49F5-8403-26DD3FC9471C}"
EndProject
Project("{FAE04EC0-301F-11D3-BF4B-00C04F79EFBC}") = "Service", "Service\Service.csproj", "{564E0A63-E63D-4DE2-9766-616946C63A69}"
EndProject
Project("{FAE04EC0-301F-11D3-BF4B-00C04F79EFBC}") = "CrossCutting", "CrossCutting\CrossCutting.csproj", "{2CD671C8-B326-4D63-8236-6FD085379C99}"
EndProject
Project("{FAE04EC0-301F-11D3-BF4B-00C04F79EFBC}") = "Api.Client", "Api.Client\Api.Client.csproj", "{88C12AAA-0018-43C0-94E1-74B2B889E180}"
EndProject
Project("{2150E333-8FDC-42A3-9474-1A3956D46DE8}") = "TestInt", "TestInt", "{D2695020-D0B3-48ED-8461-1225D04C857F}"
EndProject
Project("{FAE04EC0-301F-11D3-BF4B-00C04F79EFBC}") = "UnitTestApi", "UnitTestApi\UnitTestApi.csproj", "{D08AB93C-B28F-4CF9-9AAF-235A7DF4CD31}"
EndProject
Global
	GlobalSection(SolutionConfigurationPlatforms) = preSolution
		Debug|Any CPU = Debug|Any CPU
		Release|Any CPU = Release|Any CPU
	EndGlobalSection
	GlobalSection(ProjectConfigurationPlatforms) = postSolution
		{9971F2FD-5E45-4F48-9846-99A5A704C68F}.Debug|Any CPU.ActiveCfg = Debug|Any CPU
		{9971F2FD-5E45-4F48-9846-99A5A704C68F}.Debug|Any CPU.Build.0 = Debug|Any CPU
		{9971F2FD-5E45-4F48-9846-99A5A704C68F}.Release|Any CPU.ActiveCfg = Release|Any CPU
		{9971F2FD-5E45-4F48-9846-99A5A704C68F}.Release|Any CPU.Build.0 = Release|Any CPU
		{4635D5EF-FA40-49F5-8403-26DD3FC9471C}.Debug|Any CPU.ActiveCfg = Debug|Any CPU
		{4635D5EF-FA40-49F5-8403-26DD3FC9471C}.Debug|Any CPU.Build.0 = Debug|Any CPU
		{4635D5EF-FA40-49F5-8403-26DD3FC9471C}.Release|Any CPU.ActiveCfg = Release|Any CPU
		{4635D5EF-FA40-49F5-8403-26DD3FC9471C}.Release|Any CPU.Build.0 = Release|Any CPU
		{564E0A63-E63D-4DE2-9766-616946C63A69}.Debug|Any CPU.ActiveCfg = Debug|Any CPU
		{564E0A63-E63D-4DE2-9766-616946C63A69}.Debug|Any CPU.Build.0 = Debug|Any CPU
		{564E0A63-E63D-4DE2-9766-616946C63A69}.Release|Any CPU.ActiveCfg = Release|Any CPU
		{564E0A63-E63D-4DE2-9766-616946C63A69}.Release|Any CPU.Build.0 = Release|Any CPU
		{2CD671C8-B326-4D63-8236-6FD085379C99}.Debug|Any CPU.ActiveCfg = Debug|Any CPU
		{2CD671C8-B326-4D63-8236-6FD085379C99}.Debug|Any CPU.Build.0 = Debug|Any CPU
		{2CD671C8-B326-4D63-8236-6FD085379C99}.Release|Any CPU.ActiveCfg = Release|Any CPU
		{2CD671C8-B326-4D63-8236-6FD085379C99}.Release|Any CPU.Build.0 = Release|Any CPU
		{88C12AAA-0018-43C0-94E1-74B2B889E180}.Debug|Any CPU.ActiveCfg = Debug|Any CPU
		{88C12AAA-0018-43C0-94E1-74B2B889E180}.Debug|Any CPU.Build.0 = Debug|Any CPU
		{88C12AAA-0018-43C0-94E1-74B2B889E180}.Release|Any CPU.ActiveCfg = Release|Any CPU
		{88C12AAA-0018-43C0-94E1-74B2B889E180}.Release|Any CPU.Build.0 = Release|Any CPU
		{D08AB93C-B28F-4CF9-9AAF-235A7DF4CD31}.Debug|Any CPU.ActiveCfg = Debug|Any CPU
		{D08AB93C-B28F-4CF9-9AAF-235A7DF4CD31}.Debug|Any CPU.Build.0 = Debug|Any CPU
		{D08AB93C-B28F-4CF9-9AAF-235A7DF4CD31}.Release|Any CPU.ActiveCfg = Release|Any CPU
		{D08AB93C-B28F-4CF9-9AAF-235A7DF4CD31}.Release|Any CPU.Build.0 = Release|Any CPU
	EndGlobalSection
	GlobalSection(SolutionProperties) = preSolution
		HideSolutionNode = FALSE
	EndGlobalSection
	GlobalSection(NestedProjects) = preSolution
		{9971F2FD-5E45-4F48-9846-99A5A704C68F} = {82C58C5F-E755-4142-ACC6-58DDED5CC551}
		{4635D5EF-FA40-49F5-8403-26DD3FC9471C} = {307B9CCC-A6EC-460F-8E6E-3B4E991023A4}
		{564E0A63-E63D-4DE2-9766-616946C63A69} = {33435883-7F03-4C9E-9D25-D03D72202A36}
		{2CD671C8-B326-4D63-8236-6FD085379C99} = {4332EAAE-1D3E-4679-930E-45E4A4EE78D4}
		{88C12AAA-0018-43C0-94E1-74B2B889E180} = {87EB8700-E844-4195-AA73-3DB0DF03F164}
		{D08AB93C-B28F-4CF9-9AAF-235A7DF4CD31} = {D2695020-D0B3-48ED-8461-1225D04C857F}
	EndGlobalSection
	GlobalSection(ExtensibilityGlobals) = postSolution
		SolutionGuid = {56AEA49B-5BDD-4793-9620-D997263AB780}
	EndGlobalSection
EndGlobal
